
Microsoft Visual Studio Solution File, Format Version 12.00
# Visual Studio Version 16
VisualStudioVersion = 16.0.33214.272
MinimumVisualStudioVersion = 10.0.40219.1
Project("{FAE04EC0-301F-11D3-BF4B-00C04F79EFBC}") = "Otel otomasyon", "Otel otomasyon\Otel otomasyon.csproj", "{A647368B-6898-41D0-B5D1-C337E5E7A405}"
EndProject
Global
	GlobalSection(SolutionConfigurationPlatforms) = preSolution
		Debug|Any CPU = Debug|Any CPU
		Release|Any CPU = Release|Any CPU
	EndGlobalSection
	GlobalSection(ProjectConfigurationPlatforms) = postSolution
		{A647368B-6898-41D0-B5D1-C337E5E7A405}.Debug|Any CPU.ActiveCfg = Debug|Any CPU
		{A647368B-6898-41D0-B5D1-C337E5E7A405}.Debug|Any CPU.Build.0 = Debug|Any CPU
		{A647368B-6898-41D0-B5D1-C337E5E7A405}.Release|Any CPU.ActiveCfg = Release|Any CPU
		{A647368B-6898-41D0-B5D1-C337E5E7A405}.Release|Any CPU.Build.0 = Release|Any CPU
	EndGlobalSection
	GlobalSection(SolutionProperties) = preSolution
		HideSolutionNode = FALSE
	EndGlobalSection
	GlobalSection(ExtensibilityGlobals) = postSolution
		SolutionGuid = {30CBD419-BC1F-4B35-AF13-AFADD90F1743}
	EndGlobalSection
EndGlobal
